
Microsoft Visual Studio Solution File, Format Version 12.00
# Visual Studio Version 17
VisualStudioVersion = 17.3.32901.215
MinimumVisualStudioVersion = 10.0.40219.1
Project("{FAE04EC0-301F-11D3-BF4B-00C04F79EFBC}") = "Diziler3", "Diziler3\Diziler3.csproj", "{EB09D061-16ED-4838-8BF0-C6554D58F460}"
EndProject
Global
	GlobalSection(SolutionConfigurationPlatforms) = preSolution
		Debug|Any CPU = Debug|Any CPU
		Release|Any CPU = Release|Any CPU
	EndGlobalSection
	GlobalSection(ProjectConfigurationPlatforms) = postSolution
		{EB09D061-16ED-4838-8BF0-C6554D58F460}.Debug|Any CPU.ActiveCfg = Debug|Any CPU
		{EB09D061-16ED-4838-8BF0-C6554D58F460}.Debug|Any CPU.Build.0 = Debug|Any CPU
		{EB09D061-16ED-4838-8BF0-C6554D58F460}.Release|Any CPU.ActiveCfg = Release|Any CPU
		{EB09D061-16ED-4838-8BF0-C6554D58F460}.Release|Any CPU.Build.0 = Release|Any CPU
	EndGlobalSection
	GlobalSection(SolutionProperties) = preSolution
		HideSolutionNode = FALSE
	EndGlobalSection
	GlobalSection(ExtensibilityGlobals) = postSolution
		SolutionGuid = {30949D0D-EF7E-4A7B-8ADA-26E65C13671C}
	EndGlobalSection
EndGlobal
